// !$*UTF8*$!
{
	archiveVersion = 1;
	classes = {
	};
	objectVersion = 55;
	objects = {

/* Begin PBXBuildFile section */
		0A71D63927D61E6100C5B667 /* HapticsManager.swift in Sources */ = {isa = PBXBuildFile; fileRef = 0A71D63827D61E6100C5B667 /* HapticsManager.swift */; };
		0AC92D0727CE88DE00D5C1F8 /* AppDelegate.swift in Sources */ = {isa = PBXBuildFile; fileRef = 0AC92D0627CE88DE00D5C1F8 /* AppDelegate.swift */; };
		0AC92D1027CE88E000D5C1F8 /* Assets.xcassets in Resources */ = {isa = PBXBuildFile; fileRef = 0AC92D0F27CE88E000D5C1F8 /* Assets.xcassets */; };
		0AC92D1327CE88E000D5C1F8 /* LaunchScreen.storyboard in Resources */ = {isa = PBXBuildFile; fileRef = 0AC92D1127CE88E000D5C1F8 /* LaunchScreen.storyboard */; };
		0AC92D1E27CE89D400D5C1F8 /* CoinListViewController.swift in Sources */ = {isa = PBXBuildFile; fileRef = 0AC92D1D27CE89D300D5C1F8 /* CoinListViewController.swift */; };
		0AC92D2127CE8BBB00D5C1F8 /* Coin.swift in Sources */ = {isa = PBXBuildFile; fileRef = 0AC92D2027CE8BBB00D5C1F8 /* Coin.swift */; };
		0AC92D2427CE8C6200D5C1F8 /* CoinDataService.swift in Sources */ = {isa = PBXBuildFile; fileRef = 0AC92D2327CE8C6200D5C1F8 /* CoinDataService.swift */; };
		0AC92D2727CEA10000D5C1F8 /* CoinListCell.swift in Sources */ = {isa = PBXBuildFile; fileRef = 0AC92D2627CEA10000D5C1F8 /* CoinListCell.swift */; };
		0AC92D2927CFB3FC00D5C1F8 /* CoinImageService.swift in Sources */ = {isa = PBXBuildFile; fileRef = 0AC92D2827CFB3FC00D5C1F8 /* CoinImageService.swift */; };
		0AF3C39927D2428A00AC36C3 /* NetworkError.swift in Sources */ = {isa = PBXBuildFile; fileRef = 0AF3C39827D2428A00AC36C3 /* NetworkError.swift */; };
		0AF3C39C27D24FD100AC36C3 /* ACFileManager.swift in Sources */ = {isa = PBXBuildFile; fileRef = 0AF3C39B27D24FD100AC36C3 /* ACFileManager.swift */; };
		0AF3C39F27D2576F00AC36C3 /* Double.swift in Sources */ = {isa = PBXBuildFile; fileRef = 0AF3C39E27D2576F00AC36C3 /* Double.swift */; };
		0AF3C3A127D2606D00AC36C3 /* CoinDetailViewController.swift in Sources */ = {isa = PBXBuildFile; fileRef = 0AF3C3A027D2606C00AC36C3 /* CoinDetailViewController.swift */; };
		0AF3C3A327D2657400AC36C3 /* CoinDetailTitleView.swift in Sources */ = {isa = PBXBuildFile; fileRef = 0AF3C3A227D2657400AC36C3 /* CoinDetailTitleView.swift */; };
		0AF3C3A627D289C200AC36C3 /* GraphView.swift in Sources */ = {isa = PBXBuildFile; fileRef = 0AF3C3A527D289C200AC36C3 /* GraphView.swift */; };
		0AF3C3A827D28B2900AC36C3 /* GraphViewModel.swift in Sources */ = {isa = PBXBuildFile; fileRef = 0AF3C3A727D28B2900AC36C3 /* GraphViewModel.swift */; };
		0AF3C3AA27D2A22F00AC36C3 /* Array.swift in Sources */ = {isa = PBXBuildFile; fileRef = 0AF3C3A927D2A22F00AC36C3 /* Array.swift */; };
		0AF3C3AC27D2B09200AC36C3 /* MarketChart.swift in Sources */ = {isa = PBXBuildFile; fileRef = 0AF3C3AB27D2B09200AC36C3 /* MarketChart.swift */; };
		0AF3C3AE27D2B1E200AC36C3 /* MarketChartService.swift in Sources */ = {isa = PBXBuildFile; fileRef = 0AF3C3AD27D2B1E200AC36C3 /* MarketChartService.swift */; };
		0AF3C3B227D386AE00AC36C3 /* ChartDays.swift in Sources */ = {isa = PBXBuildFile; fileRef = 0AF3C3B127D386AE00AC36C3 /* ChartDays.swift */; };
		0AF3C3B427D3D7B600AC36C3 /* SegmentedControl.swift in Sources */ = {isa = PBXBuildFile; fileRef = 0AF3C3B327D3D7B600AC36C3 /* SegmentedControl.swift */; };
/* End PBXBuildFile section */

/* Begin PBXFileReference section */
		0A71D63827D61E6100C5B667 /* HapticsManager.swift */ = {isa = PBXFileReference; lastKnownFileType = sourcecode.swift; path = HapticsManager.swift; sourceTree = "<group>"; };
		0AC92D0327CE88DE00D5C1F8 /* CryptoTracker.app */ = {isa = PBXFileReference; explicitFileType = wrapper.application; includeInIndex = 0; path = CryptoTracker.app; sourceTree = BUILT_PRODUCTS_DIR; };
		0AC92D0627CE88DE00D5C1F8 /* AppDelegate.swift */ = {isa = PBXFileReference; lastKnownFileType = sourcecode.swift; path = AppDelegate.swift; sourceTree = "<group>"; };
		0AC92D0F27CE88E000D5C1F8 /* Assets.xcassets */ = {isa = PBXFileReference; lastKnownFileType = folder.assetcatalog; path = Assets.xcassets; sourceTree = "<group>"; };
		0AC92D1227CE88E000D5C1F8 /* Base */ = {isa = PBXFileReference; lastKnownFileType = file.storyboard; name = Base; path = Base.lproj/LaunchScreen.storyboard; sourceTree = "<group>"; };
		0AC92D1427CE88E000D5C1F8 /* Info.plist */ = {isa = PBXFileReference; lastKnownFileType = text.plist.xml; path = Info.plist; sourceTree = "<group>"; };
		0AC92D1D27CE89D300D5C1F8 /* CoinListViewController.swift */ = {isa = PBXFileReference; lastKnownFileType = sourcecode.swift; path = CoinListViewController.swift; sourceTree = "<group>"; };
		0AC92D2027CE8BBB00D5C1F8 /* Coin.swift */ = {isa = PBXFileReference; lastKnownFileType = sourcecode.swift; path = Coin.swift; sourceTree = "<group>"; };
		0AC92D2327CE8C6200D5C1F8 /* CoinDataService.swift */ = {isa = PBXFileReference; lastKnownFileType = sourcecode.swift; path = CoinDataService.swift; sourceTree = "<group>"; };
		0AC92D2627CEA10000D5C1F8 /* CoinListCell.swift */ = {isa = PBXFileReference; lastKnownFileType = sourcecode.swift; path = CoinListCell.swift; sourceTree = "<group>"; };
		0AC92D2827CFB3FC00D5C1F8 /* CoinImageService.swift */ = {isa = PBXFileReference; lastKnownFileType = sourcecode.swift; path = CoinImageService.swift; sourceTree = "<group>"; };
		0AF3C39827D2428A00AC36C3 /* NetworkError.swift */ = {isa = PBXFileReference; lastKnownFileType = sourcecode.swift; path = NetworkError.swift; sourceTree = "<group>"; };
		0AF3C39B27D24FD100AC36C3 /* ACFileManager.swift */ = {isa = PBXFileReference; lastKnownFileType = sourcecode.swift; path = ACFileManager.swift; sourceTree = "<group>"; };
		0AF3C39E27D2576F00AC36C3 /* Double.swift */ = {isa = PBXFileReference; lastKnownFileType = sourcecode.swift; path = Double.swift; sourceTree = "<group>"; };
		0AF3C3A027D2606C00AC36C3 /* CoinDetailViewController.swift */ = {isa = PBXFileReference; lastKnownFileType = sourcecode.swift; path = CoinDetailViewController.swift; sourceTree = "<group>"; };
		0AF3C3A227D2657400AC36C3 /* CoinDetailTitleView.swift */ = {isa = PBXFileReference; lastKnownFileType = sourcecode.swift; path = CoinDetailTitleView.swift; sourceTree = "<group>"; };
		0AF3C3A527D289C200AC36C3 /* GraphView.swift */ = {isa = PBXFileReference; lastKnownFileType = sourcecode.swift; path = GraphView.swift; sourceTree = "<group>"; };
		0AF3C3A727D28B2900AC36C3 /* GraphViewModel.swift */ = {isa = PBXFileReference; lastKnownFileType = sourcecode.swift; path = GraphViewModel.swift; sourceTree = "<group>"; };
		0AF3C3A927D2A22F00AC36C3 /* Array.swift */ = {isa = PBXFileReference; lastKnownFileType = sourcecode.swift; path = Array.swift; sourceTree = "<group>"; };
		0AF3C3AB27D2B09200AC36C3 /* MarketChart.swift */ = {isa = PBXFileReference; lastKnownFileType = sourcecode.swift; path = MarketChart.swift; sourceTree = "<group>"; };
		0AF3C3AD27D2B1E200AC36C3 /* MarketChartService.swift */ = {isa = PBXFileReference; lastKnownFileType = sourcecode.swift; path = MarketChartService.swift; sourceTree = "<group>"; };
		0AF3C3B127D386AE00AC36C3 /* ChartDays.swift */ = {isa = PBXFileReference; lastKnownFileType = sourcecode.swift; path = ChartDays.swift; sourceTree = "<group>"; };
		0AF3C3B327D3D7B600AC36C3 /* SegmentedControl.swift */ = {isa = PBXFileReference; lastKnownFileType = sourcecode.swift; path = SegmentedControl.swift; sourceTree = "<group>"; };
/* End PBXFileReference section */

/* Begin PBXFrameworksBuildPhase section */
		0AC92D0027CE88DE00D5C1F8 /* Frameworks */ = {
			isa = PBXFrameworksBuildPhase;
			buildActionMask = 2147483647;
			files = (
			);
			runOnlyForDeploymentPostprocessing = 0;
		};
/* End PBXFrameworksBuildPhase section */

/* Begin PBXGroup section */
		0AC92CFA27CE88DE00D5C1F8 = {
			isa = PBXGroup;
			children = (
				0AC92D0527CE88DE00D5C1F8 /* CryptoTracker */,
				0AC92D0427CE88DE00D5C1F8 /* Products */,
			);
			sourceTree = "<group>";
		};
		0AC92D0427CE88DE00D5C1F8 /* Products */ = {
			isa = PBXGroup;
			children = (
				0AC92D0327CE88DE00D5C1F8 /* CryptoTracker.app */,
			);
			name = Products;
			sourceTree = "<group>";
		};
		0AC92D0527CE88DE00D5C1F8 /* CryptoTracker */ = {
			isa = PBXGroup;
			children = (
				0AC92D1A27CE88F400D5C1F8 /* App */,
				0AF3C39D27D2575C00AC36C3 /* Extension */,
				0AC92D2227CE8C3C00D5C1F8 /* Services */,
				0AC92D1B27CE88FD00D5C1F8 /* Supporting Files */,
				0AC92D1F27CE8BA900D5C1F8 /* Model */,
				0AC92D1C27CE89A300D5C1F8 /* Controllers */,
				0AC92D2527CEA0D300D5C1F8 /* Views */,
				0AF3C39A27D24FAC00AC36C3 /* Utilities */,
			);
			path = CryptoTracker;
			sourceTree = "<group>";
		};
		0AC92D1A27CE88F400D5C1F8 /* App */ = {
			isa = PBXGroup;
			children = (
				0AC92D0627CE88DE00D5C1F8 /* AppDelegate.swift */,
				0AC92D1127CE88E000D5C1F8 /* LaunchScreen.storyboard */,
			);
			path = App;
			sourceTree = "<group>";
		};
		0AC92D1B27CE88FD00D5C1F8 /* Supporting Files */ = {
			isa = PBXGroup;
			children = (
				0AF3C39727D2427800AC36C3 /* Enum */,
				0AC92D0F27CE88E000D5C1F8 /* Assets.xcassets */,
				0AC92D1427CE88E000D5C1F8 /* Info.plist */,
			);
			path = "Supporting Files";
			sourceTree = "<group>";
		};
		0AC92D1C27CE89A300D5C1F8 /* Controllers */ = {
			isa = PBXGroup;
			children = (
				0AC92D1D27CE89D300D5C1F8 /* CoinListViewController.swift */,
				0AF3C3A027D2606C00AC36C3 /* CoinDetailViewController.swift */,
			);
			path = Controllers;
			sourceTree = "<group>";
		};
		0AC92D1F27CE8BA900D5C1F8 /* Model */ = {
			isa = PBXGroup;
			children = (
				0AC92D2027CE8BBB00D5C1F8 /* Coin.swift */,
				0AF3C3AB27D2B09200AC36C3 /* MarketChart.swift */,
			);
			path = Model;
			sourceTree = "<group>";
		};
		0AC92D2227CE8C3C00D5C1F8 /* Services */ = {
			isa = PBXGroup;
			children = (
				0AC92D2327CE8C6200D5C1F8 /* CoinDataService.swift */,
				0AC92D2827CFB3FC00D5C1F8 /* CoinImageService.swift */,
				0AF3C3AD27D2B1E200AC36C3 /* MarketChartService.swift */,
			);
			path = Services;
			sourceTree = "<group>";
		};
		0AC92D2527CEA0D300D5C1F8 /* Views */ = {
			isa = PBXGroup;
			children = (
				0AF3C3A427D289B300AC36C3 /* GraphView */,
				0AC92D2627CEA10000D5C1F8 /* CoinListCell.swift */,
				0AF3C3A227D2657400AC36C3 /* CoinDetailTitleView.swift */,
				0AF3C3B327D3D7B600AC36C3 /* SegmentedControl.swift */,
			);
			path = Views;
			sourceTree = "<group>";
		};
		0AF3C39727D2427800AC36C3 /* Enum */ = {
			isa = PBXGroup;
			children = (
				0AF3C39827D2428A00AC36C3 /* NetworkError.swift */,
				0AF3C3B127D386AE00AC36C3 /* ChartDays.swift */,
			);
			path = Enum;
			sourceTree = "<group>";
		};
		0AF3C39A27D24FAC00AC36C3 /* Utilities */ = {
			isa = PBXGroup;
			children = (
				0AF3C39B27D24FD100AC36C3 /* ACFileManager.swift */,
				0A71D63827D61E6100C5B667 /* HapticsManager.swift */,
			);
			path = Utilities;
			sourceTree = "<group>";
		};
		0AF3C39D27D2575C00AC36C3 /* Extension */ = {
			isa = PBXGroup;
			children = (
				0AF3C39E27D2576F00AC36C3 /* Double.swift */,
				0AF3C3A927D2A22F00AC36C3 /* Array.swift */,
			);
			path = Extension;
			sourceTree = "<group>";
		};
		0AF3C3A427D289B300AC36C3 /* GraphView */ = {
			isa = PBXGroup;
			children = (
				0AF3C3A527D289C200AC36C3 /* GraphView.swift */,
				0AF3C3A727D28B2900AC36C3 /* GraphViewModel.swift */,
			);
			path = GraphView;
			sourceTree = "<group>";
		};
/* End PBXGroup section */

/* Begin PBXNativeTarget section */
		0AC92D0227CE88DE00D5C1F8 /* CryptoTracker */ = {
			isa = PBXNativeTarget;
			buildConfigurationList = 0AC92D1727CE88E000D5C1F8 /* Build configuration list for PBXNativeTarget "CryptoTracker" */;
			buildPhases = (
				0AC92CFF27CE88DE00D5C1F8 /* Sources */,
				0AC92D0027CE88DE00D5C1F8 /* Frameworks */,
				0AC92D0127CE88DE00D5C1F8 /* Resources */,
			);
			buildRules = (
			);
			dependencies = (
			);
			name = CryptoTracker;
			productName = CryptoTracker;
			productReference = 0AC92D0327CE88DE00D5C1F8 /* CryptoTracker.app */;
			productType = "com.apple.product-type.application";
		};
/* End PBXNativeTarget section */

/* Begin PBXProject section */
		0AC92CFB27CE88DE00D5C1F8 /* Project object */ = {
			isa = PBXProject;
			attributes = {
				BuildIndependentTargetsInParallel = 1;
				LastSwiftUpdateCheck = 1320;
				LastUpgradeCheck = 1320;
				TargetAttributes = {
					0AC92D0227CE88DE00D5C1F8 = {
						CreatedOnToolsVersion = 13.2.1;
					};
				};
			};
			buildConfigurationList = 0AC92CFE27CE88DE00D5C1F8 /* Build configuration list for PBXProject "CryptoTracker" */;
			compatibilityVersion = "Xcode 13.0";
			developmentRegion = en;
			hasScannedForEncodings = 0;
			knownRegions = (
				en,
				Base,
			);
			mainGroup = 0AC92CFA27CE88DE00D5C1F8;
			productRefGroup = 0AC92D0427CE88DE00D5C1F8 /* Products */;
			projectDirPath = "";
			projectRoot = "";
			targets = (
				0AC92D0227CE88DE00D5C1F8 /* CryptoTracker */,
			);
		};
/* End PBXProject section */

/* Begin PBXResourcesBuildPhase section */
		0AC92D0127CE88DE00D5C1F8 /* Resources */ = {
			isa = PBXResourcesBuildPhase;
			buildActionMask = 2147483647;
			files = (
				0AC92D1327CE88E000D5C1F8 /* LaunchScreen.storyboard in Resources */,
				0AC92D1027CE88E000D5C1F8 /* Assets.xcassets in Resources */,
			);
			runOnlyForDeploymentPostprocessing = 0;
		};
/* End PBXResourcesBuildPhase section */

/* Begin PBXSourcesBuildPhase section */
		0AC92CFF27CE88DE00D5C1F8 /* Sources */ = {
			isa = PBXSourcesBuildPhase;
			buildActionMask = 2147483647;
			files = (
				0AF3C3AC27D2B09200AC36C3 /* MarketChart.swift in Sources */,
				0AC92D2427CE8C6200D5C1F8 /* CoinDataService.swift in Sources */,
				0AF3C39927D2428A00AC36C3 /* NetworkError.swift in Sources */,
				0AC92D2127CE8BBB00D5C1F8 /* Coin.swift in Sources */,
				0AF3C3A327D2657400AC36C3 /* CoinDetailTitleView.swift in Sources */,
				0AC92D0727CE88DE00D5C1F8 /* AppDelegate.swift in Sources */,
				0A71D63927D61E6100C5B667 /* HapticsManager.swift in Sources */,
				0AF3C3A127D2606D00AC36C3 /* CoinDetailViewController.swift in Sources */,
				0AC92D1E27CE89D400D5C1F8 /* CoinListViewController.swift in Sources */,
				0AF3C39C27D24FD100AC36C3 /* ACFileManager.swift in Sources */,
				0AF3C3B227D386AE00AC36C3 /* ChartDays.swift in Sources */,
				0AF3C3B427D3D7B600AC36C3 /* SegmentedControl.swift in Sources */,
				0AC92D2927CFB3FC00D5C1F8 /* CoinImageService.swift in Sources */,
				0AF3C3AE27D2B1E200AC36C3 /* MarketChartService.swift in Sources */,
				0AF3C3AA27D2A22F00AC36C3 /* Array.swift in Sources */,
				0AF3C39F27D2576F00AC36C3 /* Double.swift in Sources */,
				0AC92D2727CEA10000D5C1F8 /* CoinListCell.swift in Sources */,
				0AF3C3A627D289C200AC36C3 /* GraphView.swift in Sources */,
				0AF3C3A827D28B2900AC36C3 /* GraphViewModel.swift in Sources */,
			);
			runOnlyForDeploymentPostprocessing = 0;
		};
/* End PBXSourcesBuildPhase section */

/* Begin PBXVariantGroup section */
		0AC92D1127CE88E000D5C1F8 /* LaunchScreen.storyboard */ = {
			isa = PBXVariantGroup;
			children = (
				0AC92D1227CE88E000D5C1F8 /* Base */,
			);
			name = LaunchScreen.storyboard;
			sourceTree = "<group>";
		};
/* End PBXVariantGroup section */

/* Begin XCBuildConfiguration section */
		0AC92D1527CE88E000D5C1F8 /* Debug */ = {
			isa = XCBuildConfiguration;
			buildSettings = {
				ALWAYS_SEARCH_USER_PATHS = NO;
				CLANG_ANALYZER_NONNULL = YES;
				CLANG_ANALYZER_NUMBER_OBJECT_CONVERSION = YES_AGGRESSIVE;
				CLANG_CXX_LANGUAGE_STANDARD = "gnu++17";
				CLANG_CXX_LIBRARY = "libc++";
				CLANG_ENABLE_MODULES = YES;
				CLANG_ENABLE_OBJC_ARC = YES;
				CLANG_ENABLE_OBJC_WEAK = YES;
				CLANG_WARN_BLOCK_CAPTURE_AUTORELEASING = YES;
				CLANG_WARN_BOOL_CONVERSION = YES;
				CLANG_WARN_COMMA = YES;
				CLANG_WARN_CONSTANT_CONVERSION = YES;
				CLANG_WARN_DEPRECATED_OBJC_IMPLEMENTATIONS = YES;
				CLANG_WARN_DIRECT_OBJC_ISA_USAGE = YES_ERROR;
				CLANG_WARN_DOCUMENTATION_COMMENTS = YES;
				CLANG_WARN_EMPTY_BODY = YES;
				CLANG_WARN_ENUM_CONVERSION = YES;
				CLANG_WARN_INFINITE_RECURSION = YES;
				CLANG_WARN_INT_CONVERSION = YES;
				CLANG_WARN_NON_LITERAL_NULL_CONVERSION = YES;
				CLANG_WARN_OBJC_IMPLICIT_RETAIN_SELF = YES;
				CLANG_WARN_OBJC_LITERAL_CONVERSION = YES;
				CLANG_WARN_OBJC_ROOT_CLASS = YES_ERROR;
				CLANG_WARN_QUOTED_INCLUDE_IN_FRAMEWORK_HEADER = YES;
				CLANG_WARN_RANGE_LOOP_ANALYSIS = YES;
				CLANG_WARN_STRICT_PROTOTYPES = YES;
				CLANG_WARN_SUSPICIOUS_MOVE = YES;
				CLANG_WARN_UNGUARDED_AVAILABILITY = YES_AGGRESSIVE;
				CLANG_WARN_UNREACHABLE_CODE = YES;
				CLANG_WARN__DUPLICATE_METHOD_MATCH = YES;
				COPY_PHASE_STRIP = NO;
				DEBUG_INFORMATION_FORMAT = dwarf;
				ENABLE_STRICT_OBJC_MSGSEND = YES;
				ENABLE_TESTABILITY = YES;
				GCC_C_LANGUAGE_STANDARD = gnu11;
				GCC_DYNAMIC_NO_PIC = NO;
				GCC_NO_COMMON_BLOCKS = YES;
				GCC_OPTIMIZATION_LEVEL = 0;
				GCC_PREPROCESSOR_DEFINITIONS = (
					"DEBUG=1",
					"$(inherited)",
				);
				GCC_WARN_64_TO_32_BIT_CONVERSION = YES;
				GCC_WARN_ABOUT_RETURN_TYPE = YES_ERROR;
				GCC_WARN_UNDECLARED_SELECTOR = YES;
				GCC_WARN_UNINITIALIZED_AUTOS = YES_AGGRESSIVE;
				GCC_WARN_UNUSED_FUNCTION = YES;
				GCC_WARN_UNUSED_VARIABLE = YES;
				IPHONEOS_DEPLOYMENT_TARGET = 15.2;
				MTL_ENABLE_DEBUG_INFO = INCLUDE_SOURCE;
				MTL_FAST_MATH = YES;
				ONLY_ACTIVE_ARCH = YES;
				SDKROOT = iphoneos;
				SWIFT_ACTIVE_COMPILATION_CONDITIONS = DEBUG;
				SWIFT_OPTIMIZATION_LEVEL = "-Onone";
			};
			name = Debug;
		};
		0AC92D1627CE88E000D5C1F8 /* Release */ = {
			isa = XCBuildConfiguration;
			buildSettings = {
				ALWAYS_SEARCH_USER_PATHS = NO;
				CLANG_ANALYZER_NONNULL = YES;
				CLANG_ANALYZER_NUMBER_OBJECT_CONVERSION = YES_AGGRESSIVE;
				CLANG_CXX_LANGUAGE_STANDARD = "gnu++17";
				CLANG_CXX_LIBRARY = "libc++";
				CLANG_ENABLE_MODULES = YES;
				CLANG_ENABLE_OBJC_ARC = YES;
				CLANG_ENABLE_OBJC_WEAK = YES;
				CLANG_WARN_BLOCK_CAPTURE_AUTORELEASING = YES;
				CLANG_WARN_BOOL_CONVERSION = YES;
				CLANG_WARN_COMMA = YES;
				CLANG_WARN_CONSTANT_CONVERSION = YES;
				CLANG_WARN_DEPRECATED_OBJC_IMPLEMENTATIONS = YES;
				CLANG_WARN_DIRECT_OBJC_ISA_USAGE = YES_ERROR;
				CLANG_WARN_DOCUMENTATION_COMMENTS = YES;
				CLANG_WARN_EMPTY_BODY = YES;
				CLANG_WARN_ENUM_CONVERSION = YES;
				CLANG_WARN_INFINITE_RECURSION = YES;
				CLANG_WARN_INT_CONVERSION = YES;
				CLANG_WARN_NON_LITERAL_NULL_CONVERSION = YES;
				CLANG_WARN_OBJC_IMPLICIT_RETAIN_SELF = YES;
				CLANG_WARN_OBJC_LITERAL_CONVERSION = YES;
				CLANG_WARN_OBJC_ROOT_CLASS = YES_ERROR;
				CLANG_WARN_QUOTED_INCLUDE_IN_FRAMEWORK_HEADER = YES;
				CLANG_WARN_RANGE_LOOP_ANALYSIS = YES;
				CLANG_WARN_STRICT_PROTOTYPES = YES;
				CLANG_WARN_SUSPICIOUS_MOVE = YES;
				CLANG_WARN_UNGUARDED_AVAILABILITY = YES_AGGRESSIVE;
				CLANG_WARN_UNREACHABLE_CODE = YES;
				CLANG_WARN__DUPLICATE_METHOD_MATCH = YES;
				COPY_PHASE_STRIP = NO;
				DEBUG_INFORMATION_FORMAT = "dwarf-with-dsym";
				ENABLE_NS_ASSERTIONS = NO;
				ENABLE_STRICT_OBJC_MSGSEND = YES;
				GCC_C_LANGUAGE_STANDARD = gnu11;
				GCC_NO_COMMON_BLOCKS = YES;
				GCC_WARN_64_TO_32_BIT_CONVERSION = YES;
				GCC_WARN_ABOUT_RETURN_TYPE = YES_ERROR;
				GCC_WARN_UNDECLARED_SELECTOR = YES;
				GCC_WARN_UNINITIALIZED_AUTOS = YES_AGGRESSIVE;
				GCC_WARN_UNUSED_FUNCTION = YES;
				GCC_WARN_UNUSED_VARIABLE = YES;
				IPHONEOS_DEPLOYMENT_TARGET = 15.2;
				MTL_ENABLE_DEBUG_INFO = NO;
				MTL_FAST_MATH = YES;
				SDKROOT = iphoneos;
				SWIFT_COMPILATION_MODE = wholemodule;
				SWIFT_OPTIMIZATION_LEVEL = "-O";
				VALIDATE_PRODUCT = YES;
			};
			name = Release;
		};
		0AC92D1827CE88E000D5C1F8 /* Debug */ = {
			isa = XCBuildConfiguration;
			buildSettings = {
				ASSETCATALOG_COMPILER_APPICON_NAME = AppIcon;
				ASSETCATALOG_COMPILER_GLOBAL_ACCENT_COLOR_NAME = AccentColor;
				CODE_SIGN_STYLE = Automatic;
				CURRENT_PROJECT_VERSION = 1;
				DEVELOPMENT_TEAM = N5Y8ATPCRD;
				GENERATE_INFOPLIST_FILE = YES;
				INFOPLIST_FILE = "CryptoTracker/Supporting Files/Info.plist";
				INFOPLIST_KEY_UIApplicationSupportsIndirectInputEvents = YES;
				INFOPLIST_KEY_UILaunchStoryboardName = LaunchScreen;
				INFOPLIST_KEY_UISupportedInterfaceOrientations = UIInterfaceOrientationPortrait;
				INFOPLIST_KEY_UISupportedInterfaceOrientations_iPad = "UIInterfaceOrientationPortrait UIInterfaceOrientationPortraitUpsideDown UIInterfaceOrientationLandscapeLeft UIInterfaceOrientationLandscapeRight";
				INFOPLIST_KEY_UISupportedInterfaceOrientations_iPhone = "UIInterfaceOrientationPortrait UIInterfaceOrientationLandscapeLeft UIInterfaceOrientationLandscapeRight";
				IPHONEOS_DEPLOYMENT_TARGET = 13.0;
				LD_RUNPATH_SEARCH_PATHS = (
					"$(inherited)",
					"@executable_path/Frameworks",
				);
				MARKETING_VERSION = 1.0;
				PRODUCT_BUNDLE_IDENTIFIER = io.appcave.CryptoTracker;
				PRODUCT_NAME = "$(TARGET_NAME)";
				SWIFT_EMIT_LOC_STRINGS = YES;
				SWIFT_VERSION = 5.0;
				TARGETED_DEVICE_FAMILY = 1;
			};
			name = Debug;
		};
		0AC92D1927CE88E000D5C1F8 /* Release */ = {
			isa = XCBuildConfiguration;
			buildSettings = {
				ASSETCATALOG_COMPILER_APPICON_NAME = AppIcon;
				ASSETCATALOG_COMPILER_GLOBAL_ACCENT_COLOR_NAME = AccentColor;
				CODE_SIGN_STYLE = Automatic;
				CURRENT_PROJECT_VERSION = 1;
				DEVELOPMENT_TEAM = N5Y8ATPCRD;
				GENERATE_INFOPLIST_FILE = YES;
				INFOPLIST_FILE = "CryptoTracker/Supporting Files/Info.plist";
				INFOPLIST_KEY_UIApplicationSupportsIndirectInputEvents = YES;
				INFOPLIST_KEY_UILaunchStoryboardName = LaunchScreen;
				INFOPLIST_KEY_UISupportedInterfaceOrientations = UIInterfaceOrientationPortrait;
				INFOPLIST_KEY_UISupportedInterfaceOrientations_iPad = "UIInterfaceOrientationPortrait UIInterfaceOrientationPortraitUpsideDown UIInterfaceOrientationLandscapeLeft UIInterfaceOrientationLandscapeRight";
				INFOPLIST_KEY_UISupportedInterfaceOrientations_iPhone = "UIInterfaceOrientationPortrait UIInterfaceOrientationLandscapeLeft UIInterfaceOrientationLandscapeRight";
				IPHONEOS_DEPLOYMENT_TARGET = 13.0;
				LD_RUNPATH_SEARCH_PATHS = (
					"$(inherited)",
					"@executable_path/Frameworks",
				);
				MARKETING_VERSION = 1.0;
				PRODUCT_BUNDLE_IDENTIFIER = io.appcave.CryptoTracker;
				PRODUCT_NAME = "$(TARGET_NAME)";
				SWIFT_EMIT_LOC_STRINGS = YES;
				SWIFT_VERSION = 5.0;
				TARGETED_DEVICE_FAMILY = 1;
			};
			name = Release;
		};
/* End XCBuildConfiguration section */

/* Begin XCConfigurationList section */
		0AC92CFE27CE88DE00D5C1F8 /* Build configuration list for PBXProject "CryptoTracker" */ = {
			isa = XCConfigurationList;
			buildConfigurations = (
				0AC92D1527CE88E000D5C1F8 /* Debug */,
				0AC92D1627CE88E000D5C1F8 /* Release */,
			);
			defaultConfigurationIsVisible = 0;
			defaultConfigurationName = Release;
		};
		0AC92D1727CE88E000D5C1F8 /* Build configuration list for PBXNativeTarget "CryptoTracker" */ = {
			isa = XCConfigurationList;
			buildConfigurations = (
				0AC92D1827CE88E000D5C1F8 /* Debug */,
				0AC92D1927CE88E000D5C1F8 /* Release */,
			);
			defaultConfigurationIsVisible = 0;
			defaultConfigurationName = Release;
		};
/* End XCConfigurationList section */
	};
	rootObject = 0AC92CFB27CE88DE00D5C1F8 /* Project object */;
}
